
Microsoft Visual Studio Solution File, Format Version 12.00
# Visual Studio Version 17
VisualStudioVersion = 17.11.35327.3
MinimumVisualStudioVersion = 10.0.40219.1
Project("{FAE04EC0-301F-11D3-BF4B-00C04F79EFBC}") = "North", "North\North.csproj", "{C406C238-5138-4D11-B9D8-6FC23346A33D}"
EndProject
Project("{2150E333-8FDC-42A3-9474-1A3956D46DE8}") = "解决方案项", "解决方案项", "{26C0E5A6-E4F3-4975-9937-4AB31D340BF0}"
	ProjectSection(SolutionItems) = preProject
		build.sh = build.sh
	EndProjectSection
EndProject
Global
	GlobalSection(SolutionConfigurationPlatforms) = preSolution
		Debug|Any CPU = Debug|Any CPU
		Release|Any CPU = Release|Any CPU
	EndGlobalSection
	GlobalSection(ProjectConfigurationPlatforms) = postSolution
		{C406C238-5138-4D11-B9D8-6FC23346A33D}.Debug|Any CPU.ActiveCfg = Debug|Any CPU
		{C406C238-5138-4D11-B9D8-6FC23346A33D}.Debug|Any CPU.Build.0 = Debug|Any CPU
		{C406C238-5138-4D11-B9D8-6FC23346A33D}.Release|Any CPU.ActiveCfg = Release|Any CPU
		{C406C238-5138-4D11-B9D8-6FC23346A33D}.Release|Any CPU.Build.0 = Release|Any CPU
	EndGlobalSection
	GlobalSection(SolutionProperties) = preSolution
		HideSolutionNode = FALSE
	EndGlobalSection
	GlobalSection(ExtensibilityGlobals) = postSolution
		SolutionGuid = {483CF069-FC88-4ED9-AFD0-1CAC56276209}
	EndGlobalSection
EndGlobal
